Microsoft Visual Studio Solution File, Format Version 12.00
# Visual Studio Version 17
VisualStudioVersion = 17.13.35825.156
MinimumVisualStudioVersion = 10.0.40219.1
Project("{FAE04EC0-301F-11D3-BF4B-00C04F79EFBC}") = "MyntraClone.API", "MyntraClone.API.csproj", "{0D2A2511-0AAA-4124-A5DC-F751B1375FCC}"
EndProject
Global
	GlobalSection(SolutionConfigurationPlatforms) = preSolution
		Debug|Any CPU = Debug|Any CPU
		Release|Any CPU = Release|Any CPU
	EndGlobalSection
	GlobalSection(ProjectConfigurationPlatforms) = postSolution
		{0D2A2511-0AAA-4124-A5DC-F751B1375FCC}.Debug|Any CPU.ActiveCfg = Debug|Any CPU
		{0D2A2511-0AAA-4124-A5DC-F751B1375FCC}.Debug|Any CPU.Build.0 = Debug|Any CPU
		{0D2A2511-0AAA-4124-A5DC-F751B1375FCC}.Release|Any CPU.ActiveCfg = Release|Any CPU
		{0D2A2511-0AAA-4124-A5DC-F751B1375FCC}.Release|Any CPU.Build.0 = Release|Any CPU
	EndGlobalSection
	GlobalSection(SolutionProperties) = preSolution
		HideSolutionNode = FALSE
	EndGlobalSection
	GlobalSection(ExtensibilityGlobals) = postSolution
		SolutionGuid = {35F7CD60-FD0B-4D7E-8142-F52657C9C211}
	EndGlobalSection
EndGlobal
